
Microsoft Visual Studio Solution File, Format Version 12.00
# Visual Studio Version 17
VisualStudioVersion = 17.13.35931.197
MinimumVisualStudioVersion = 10.0.40219.1
Project("{FAE04EC0-301F-11D3-BF4B-00C04F79EFBC}") = "EncapsulationConcept", "EncapsulationConcept\EncapsulationConcept.csproj", "{4E00E27A-CF5E-4E12-82A1-75A1FBC17949}"
EndProject
Project("{FAE04EC0-301F-11D3-BF4B-00C04F79EFBC}") = "ClassLibrary1", "ClassLibrary1\ClassLibrary1.csproj", "{394E7511-99AE-49CC-8814-F284BA930DA2}"
EndProject
Global
	GlobalSection(SolutionConfigurationPlatforms) = preSolution
		Debug|Any CPU = Debug|Any CPU
		Release|Any CPU = Release|Any CPU
	EndGlobalSection
	GlobalSection(ProjectConfigurationPlatforms) = postSolution
		{4E00E27A-CF5E-4E12-82A1-75A1FBC17949}.Debug|Any CPU.ActiveCfg = Debug|Any CPU
		{4E00E27A-CF5E-4E12-82A1-75A1FBC17949}.Debug|Any CPU.Build.0 = Debug|Any CPU
		{4E00E27A-CF5E-4E12-82A1-75A1FBC17949}.Release|Any CPU.ActiveCfg = Release|Any CPU
		{4E00E27A-CF5E-4E12-82A1-75A1FBC17949}.Release|Any CPU.Build.0 = Release|Any CPU
		{394E7511-99AE-49CC-8814-F284BA930DA2}.Debug|Any CPU.ActiveCfg = Debug|Any CPU
		{394E7511-99AE-49CC-8814-F284BA930DA2}.Debug|Any CPU.Build.0 = Debug|Any CPU
		{394E7511-99AE-49CC-8814-F284BA930DA2}.Release|Any CPU.ActiveCfg = Release|Any CPU
		{394E7511-99AE-49CC-8814-F284BA930DA2}.Release|Any CPU.Build.0 = Release|Any CPU
	EndGlobalSection
	GlobalSection(SolutionProperties) = preSolution
		HideSolutionNode = FALSE
	EndGlobalSection
	GlobalSection(ExtensibilityGlobals) = postSolution
		SolutionGuid = {9BDAF769-B16D-4134-8A14-0FC31EC7164B}
	EndGlobalSection
EndGlobal
