
Microsoft Visual Studio Solution File, Format Version 12.00
# Visual Studio Version 17
VisualStudioVersion = 17.13.35931.197 d17.13
MinimumVisualStudioVersion = 10.0.40219.1
Project("{FAE04EC0-301F-11D3-BF4B-00C04F79EFBC}") = "AssignmentLoopsSection2", "AssignmentLoopsSection2\AssignmentLoopsSection2.csproj", "{79E6A8F5-3163-4852-8C82-07307E72E2F3}"
EndProject
Global
	GlobalSection(SolutionConfigurationPlatforms) = preSolution
		Debug|Any CPU = Debug|Any CPU
		Release|Any CPU = Release|Any CPU
	EndGlobalSection
	GlobalSection(ProjectConfigurationPlatforms) = postSolution
		{79E6A8F5-3163-4852-8C82-07307E72E2F3}.Debug|Any CPU.ActiveCfg = Debug|Any CPU
		{79E6A8F5-3163-4852-8C82-07307E72E2F3}.Debug|Any CPU.Build.0 = Debug|Any CPU
		{79E6A8F5-3163-4852-8C82-07307E72E2F3}.Release|Any CPU.ActiveCfg = Release|Any CPU
		{79E6A8F5-3163-4852-8C82-07307E72E2F3}.Release|Any CPU.Build.0 = Release|Any CPU
	EndGlobalSection
	GlobalSection(SolutionProperties) = preSolution
		HideSolutionNode = FALSE
	EndGlobalSection
	GlobalSection(ExtensibilityGlobals) = postSolution
		SolutionGuid = {254F82DF-9C74-49B5-ABE8-4F07129ABAC6}
	EndGlobalSection
EndGlobal
