
Microsoft Visual Studio Solution File, Format Version 12.00
# Visual Studio Version 17
VisualStudioVersion = 17.13.35931.197 d17.13
MinimumVisualStudioVersion = 10.0.40219.1
Project("{FAE04EC0-301F-11D3-BF4B-00C04F79EFBC}") = "FiedlsExample", "FiedlsExample\FiedlsExample.csproj", "{6903EC6B-00A0-44FE-BAE7-F18F98F28DA7}"
EndProject
Project("{FAE04EC0-301F-11D3-BF4B-00C04F79EFBC}") = "ClassLibrary1", "ClassLibrary1\ClassLibrary1.csproj", "{76D476E5-0FC5-4ADC-8E4C-28C1141770E3}"
EndProject
Global
	GlobalSection(SolutionConfigurationPlatforms) = preSolution
		Debug|Any CPU = Debug|Any CPU
		Release|Any CPU = Release|Any CPU
	EndGlobalSection
	GlobalSection(ProjectConfigurationPlatforms) = postSolution
		{6903EC6B-00A0-44FE-BAE7-F18F98F28DA7}.Debug|Any CPU.ActiveCfg = Debug|Any CPU
		{6903EC6B-00A0-44FE-BAE7-F18F98F28DA7}.Debug|Any CPU.Build.0 = Debug|Any CPU
		{6903EC6B-00A0-44FE-BAE7-F18F98F28DA7}.Release|Any CPU.ActiveCfg = Release|Any CPU
		{6903EC6B-00A0-44FE-BAE7-F18F98F28DA7}.Release|Any CPU.Build.0 = Release|Any CPU
		{76D476E5-0FC5-4ADC-8E4C-28C1141770E3}.Debug|Any CPU.ActiveCfg = Debug|Any CPU
		{76D476E5-0FC5-4ADC-8E4C-28C1141770E3}.Debug|Any CPU.Build.0 = Debug|Any CPU
		{76D476E5-0FC5-4ADC-8E4C-28C1141770E3}.Release|Any CPU.ActiveCfg = Release|Any CPU
		{76D476E5-0FC5-4ADC-8E4C-28C1141770E3}.Release|Any CPU.Build.0 = Release|Any CPU
	EndGlobalSection
	GlobalSection(SolutionProperties) = preSolution
		HideSolutionNode = FALSE
	EndGlobalSection
	GlobalSection(ExtensibilityGlobals) = postSolution
		SolutionGuid = {FAC342A5-25F5-49C1-B5E0-B12089806035}
	EndGlobalSection
EndGlobal
