
Microsoft Visual Studio Solution File, Format Version 12.00
# Visual Studio Version 17
VisualStudioVersion = 17.13.35931.197 d17.13
MinimumVisualStudioVersion = 10.0.40219.1
Project("{FAE04EC0-301F-11D3-BF4B-00C04F79EFBC}") = "Introduction", "Introduction\Introduction.csproj", "{656E3A26-B813-4A1B-8C5B-342F0C09157D}"
EndProject
Global
	GlobalSection(SolutionConfigurationPlatforms) = preSolution
		Debug|Any CPU = Debug|Any CPU
		Release|Any CPU = Release|Any CPU
	EndGlobalSection
	GlobalSection(ProjectConfigurationPlatforms) = postSolution
		{656E3A26-B813-4A1B-8C5B-342F0C09157D}.Debug|Any CPU.ActiveCfg = Debug|Any CPU
		{656E3A26-B813-4A1B-8C5B-342F0C09157D}.Debug|Any CPU.Build.0 = Debug|Any CPU
		{656E3A26-B813-4A1B-8C5B-342F0C09157D}.Release|Any CPU.ActiveCfg = Release|Any CPU
		{656E3A26-B813-4A1B-8C5B-342F0C09157D}.Release|Any CPU.Build.0 = Release|Any CPU
	EndGlobalSection
	GlobalSection(SolutionProperties) = preSolution
		HideSolutionNode = FALSE
	EndGlobalSection
	GlobalSection(ExtensibilityGlobals) = postSolution
		SolutionGuid = {091DD263-8759-48CA-8A6C-61E0D6BD3A8C}
	EndGlobalSection
EndGlobal
