
Microsoft Visual Studio Solution File, Format Version 12.00
# Visual Studio Version 17
VisualStudioVersion = 17.13.35931.197 d17.13
MinimumVisualStudioVersion = 10.0.40219.1
Project("{FAE04EC0-301F-11D3-BF4B-00C04F79EFBC}") = "Recurrsion", "Recurrsion\Recurrsion.csproj", "{DC329635-AB6B-4B06-A445-05472363975A}"
EndProject
Global
	GlobalSection(SolutionConfigurationPlatforms) = preSolution
		Debug|Any CPU = Debug|Any CPU
		Release|Any CPU = Release|Any CPU
	EndGlobalSection
	GlobalSection(ProjectConfigurationPlatforms) = postSolution
		{DC329635-AB6B-4B06-A445-05472363975A}.Debug|Any CPU.ActiveCfg = Debug|Any CPU
		{DC329635-AB6B-4B06-A445-05472363975A}.Debug|Any CPU.Build.0 = Debug|Any CPU
		{DC329635-AB6B-4B06-A445-05472363975A}.Release|Any CPU.ActiveCfg = Release|Any CPU
		{DC329635-AB6B-4B06-A445-05472363975A}.Release|Any CPU.Build.0 = Release|Any CPU
	EndGlobalSection
	GlobalSection(SolutionProperties) = preSolution
		HideSolutionNode = FALSE
	EndGlobalSection
	GlobalSection(ExtensibilityGlobals) = postSolution
		SolutionGuid = {79DCB457-A772-464D-A1A3-591BDC96CAC5}
	EndGlobalSection
EndGlobal
