
Microsoft Visual Studio Solution File, Format Version 12.00
# Visual Studio Version 17
VisualStudioVersion = 17.13.35931.197 d17.13
MinimumVisualStudioVersion = 10.0.40219.1
Project("{FAE04EC0-301F-11D3-BF4B-00C04F79EFBC}") = "BankApplication.Presentation", "BankApplication.Presentation\BankApplication.Presentation.csproj", "{6067E7F6-5BE3-42E8-B69C-9C858E2FE65C}"
EndProject
Global
	GlobalSection(SolutionConfigurationPlatforms) = preSolution
		Debug|Any CPU = Debug|Any CPU
		Release|Any CPU = Release|Any CPU
	EndGlobalSection
	GlobalSection(ProjectConfigurationPlatforms) = postSolution
		{6067E7F6-5BE3-42E8-B69C-9C858E2FE65C}.Debug|Any CPU.ActiveCfg = Debug|Any CPU
		{6067E7F6-5BE3-42E8-B69C-9C858E2FE65C}.Debug|Any CPU.Build.0 = Debug|Any CPU
		{6067E7F6-5BE3-42E8-B69C-9C858E2FE65C}.Release|Any CPU.ActiveCfg = Release|Any CPU
		{6067E7F6-5BE3-42E8-B69C-9C858E2FE65C}.Release|Any CPU.Build.0 = Release|Any CPU
	EndGlobalSection
	GlobalSection(SolutionProperties) = preSolution
		HideSolutionNode = FALSE
	EndGlobalSection
	GlobalSection(ExtensibilityGlobals) = postSolution
		SolutionGuid = {0F8B941B-5996-468D-B06A-882BD343AB26}
	EndGlobalSection
EndGlobal
