
Microsoft Visual Studio Solution File, Format Version 12.00
# Visual Studio Version 17
VisualStudioVersion = 17.13.35931.197 d17.13
MinimumVisualStudioVersion = 10.0.40219.1
Project("{FAE04EC0-301F-11D3-BF4B-00C04F79EFBC}") = "StaticVsInstance", "StaticVsInstance\StaticVsInstance.csproj", "{701CC840-674A-4E95-BC6D-1EF27001C518}"
EndProject
Global
	GlobalSection(SolutionConfigurationPlatforms) = preSolution
		Debug|Any CPU = Debug|Any CPU
		Release|Any CPU = Release|Any CPU
	EndGlobalSection
	GlobalSection(ProjectConfigurationPlatforms) = postSolution
		{701CC840-674A-4E95-BC6D-1EF27001C518}.Debug|Any CPU.ActiveCfg = Debug|Any CPU
		{701CC840-674A-4E95-BC6D-1EF27001C518}.Debug|Any CPU.Build.0 = Debug|Any CPU
		{701CC840-674A-4E95-BC6D-1EF27001C518}.Release|Any CPU.ActiveCfg = Release|Any CPU
		{701CC840-674A-4E95-BC6D-1EF27001C518}.Release|Any CPU.Build.0 = Release|Any CPU
	EndGlobalSection
	GlobalSection(SolutionProperties) = preSolution
		HideSolutionNode = FALSE
	EndGlobalSection
	GlobalSection(ExtensibilityGlobals) = postSolution
		SolutionGuid = {B30179B3-57F1-4F5A-BC80-6CF550115809}
	EndGlobalSection
EndGlobal
