
Microsoft Visual Studio Solution File, Format Version 12.00
# Visual Studio Version 17
VisualStudioVersion = 17.13.35931.197 d17.13
MinimumVisualStudioVersion = 10.0.40219.1
Project("{FAE04EC0-301F-11D3-BF4B-00C04F79EFBC}") = "AssignmentsSection2", "AssignmentsSection2\AssignmentsSection2.csproj", "{9FAF0DF0-6D8C-4691-BF04-B564872CD3B8}"
EndProject
Global
	GlobalSection(SolutionConfigurationPlatforms) = preSolution
		Debug|Any CPU = Debug|Any CPU
		Release|Any CPU = Release|Any CPU
	EndGlobalSection
	GlobalSection(ProjectConfigurationPlatforms) = postSolution
		{9FAF0DF0-6D8C-4691-BF04-B564872CD3B8}.Debug|Any CPU.ActiveCfg = Debug|Any CPU
		{9FAF0DF0-6D8C-4691-BF04-B564872CD3B8}.Debug|Any CPU.Build.0 = Debug|Any CPU
		{9FAF0DF0-6D8C-4691-BF04-B564872CD3B8}.Release|Any CPU.ActiveCfg = Release|Any CPU
		{9FAF0DF0-6D8C-4691-BF04-B564872CD3B8}.Release|Any CPU.Build.0 = Release|Any CPU
	EndGlobalSection
	GlobalSection(SolutionProperties) = preSolution
		HideSolutionNode = FALSE
	EndGlobalSection
	GlobalSection(ExtensibilityGlobals) = postSolution
		SolutionGuid = {B95179E5-57B1-4D07-BC08-3FDB80DCA25F}
	EndGlobalSection
EndGlobal
