
Microsoft Visual Studio Solution File, Format Version 12.00
# Visual Studio Version 17
VisualStudioVersion = 17.13.35931.197 d17.13
MinimumVisualStudioVersion = 10.0.40219.1
Project("{FAE04EC0-301F-11D3-BF4B-00C04F79EFBC}") = "LocalVariablesAndParameters", "LocalVariablesAndParameters\LocalVariablesAndParameters.csproj", "{18F436C8-34E8-460F-AA91-717D17881287}"
EndProject
Global
	GlobalSection(SolutionConfigurationPlatforms) = preSolution
		Debug|Any CPU = Debug|Any CPU
		Release|Any CPU = Release|Any CPU
	EndGlobalSection
	GlobalSection(ProjectConfigurationPlatforms) = postSolution
		{18F436C8-34E8-460F-AA91-717D17881287}.Debug|Any CPU.ActiveCfg = Debug|Any CPU
		{18F436C8-34E8-460F-AA91-717D17881287}.Debug|Any CPU.Build.0 = Debug|Any CPU
		{18F436C8-34E8-460F-AA91-717D17881287}.Release|Any CPU.ActiveCfg = Release|Any CPU
		{18F436C8-34E8-460F-AA91-717D17881287}.Release|Any CPU.Build.0 = Release|Any CPU
	EndGlobalSection
	GlobalSection(SolutionProperties) = preSolution
		HideSolutionNode = FALSE
	EndGlobalSection
	GlobalSection(ExtensibilityGlobals) = postSolution
		SolutionGuid = {B4388118-9B4C-4E09-B9C0-4591C209CF06}
	EndGlobalSection
EndGlobal
